
Microsoft Visual Studio Solution File, Format Version 12.00
# Visual Studio Version 17
VisualStudioVersion = 17.3.32929.385
MinimumVisualStudioVersion = 10.0.40219.1
Project("{FAE04EC0-301F-11D3-BF4B-00C04F79EFBC}") = "WebApi", "WebApi\WebApi.csproj", "{068971EA-FD33-484A-BD4A-3DB98139EEB1}"
EndProject
Project("{FAE04EC0-301F-11D3-BF4B-00C04F79EFBC}") = "Models", "Models\Models.csproj", "{00AF5B72-5FA6-45E1-A76D-E3E93696921C}"
EndProject
Project("{FAE04EC0-301F-11D3-BF4B-00C04F79EFBC}") = "Core", "Core\Core.csproj", "{2DCA17FF-9BEF-4277-A942-4DF8973DEF79}"
EndProject
Project("{FAE04EC0-301F-11D3-BF4B-00C04F79EFBC}") = "Database", "Database\Database.csproj", "{FE775FB2-30E1-4516-90B6-0FF817B0CD3E}"
EndProject
Global
	GlobalSection(SolutionConfigurationPlatforms) = preSolution
		Debug|Any CPU = Debug|Any CPU
		Release|Any CPU = Release|Any CPU
	EndGlobalSection
	GlobalSection(ProjectConfigurationPlatforms) = postSolution
		{068971EA-FD33-484A-BD4A-3DB98139EEB1}.Debug|Any CPU.ActiveCfg = Debug|Any CPU
		{068971EA-FD33-484A-BD4A-3DB98139EEB1}.Debug|Any CPU.Build.0 = Debug|Any CPU
		{068971EA-FD33-484A-BD4A-3DB98139EEB1}.Release|Any CPU.ActiveCfg = Release|Any CPU
		{068971EA-FD33-484A-BD4A-3DB98139EEB1}.Release|Any CPU.Build.0 = Release|Any CPU
		{00AF5B72-5FA6-45E1-A76D-E3E93696921C}.Debug|Any CPU.ActiveCfg = Debug|Any CPU
		{00AF5B72-5FA6-45E1-A76D-E3E93696921C}.Debug|Any CPU.Build.0 = Debug|Any CPU
		{00AF5B72-5FA6-45E1-A76D-E3E93696921C}.Release|Any CPU.ActiveCfg = Release|Any CPU
		{00AF5B72-5FA6-45E1-A76D-E3E93696921C}.Release|Any CPU.Build.0 = Release|Any CPU
		{2DCA17FF-9BEF-4277-A942-4DF8973DEF79}.Debug|Any CPU.ActiveCfg = Debug|Any CPU
		{2DCA17FF-9BEF-4277-A942-4DF8973DEF79}.Debug|Any CPU.Build.0 = Debug|Any CPU
		{2DCA17FF-9BEF-4277-A942-4DF8973DEF79}.Release|Any CPU.ActiveCfg = Release|Any CPU
		{2DCA17FF-9BEF-4277-A942-4DF8973DEF79}.Release|Any CPU.Build.0 = Release|Any CPU
		{FE775FB2-30E1-4516-90B6-0FF817B0CD3E}.Debug|Any CPU.ActiveCfg = Debug|Any CPU
		{FE775FB2-30E1-4516-90B6-0FF817B0CD3E}.Debug|Any CPU.Build.0 = Debug|Any CPU
		{FE775FB2-30E1-4516-90B6-0FF817B0CD3E}.Release|Any CPU.ActiveCfg = Release|Any CPU
		{FE775FB2-30E1-4516-90B6-0FF817B0CD3E}.Release|Any CPU.Build.0 = Release|Any CPU
	EndGlobalSection
	GlobalSection(SolutionProperties) = preSolution
		HideSolutionNode = FALSE
	EndGlobalSection
	GlobalSection(ExtensibilityGlobals) = postSolution
		SolutionGuid = {96B5C39A-5B9C-4F01-8FF1-3504F77EA467}
	EndGlobalSection
EndGlobal
